
Microsoft Visual Studio Solution File, Format Version 12.00
# Visual Studio Version 16
VisualStudioVersion = 16.0.31729.503
MinimumVisualStudioVersion = 10.0.40219.1
Project("{9A19103F-16F7-4668-BE54-9A1E7A4F7556}") = "FirstResponsiveWebAppWood", "FirstResponsiveWebAppWood.csproj", "{2DA6958A-A6C2-473E-923C-D5202B32F446}"
EndProject
Project("{FAE04EC0-301F-11D3-BF4B-00C04F79EFBC}") = "FirstResponsiveWebAppTest", "..\FirstResponsiveWebAppTest\FirstResponsiveWebAppTest.csproj", "{24F8FE5F-5157-47D1-ADA7-030D937E5EFF}"
EndProject
Global
	GlobalSection(SolutionConfigurationPlatforms) = preSolution
		Debug|Any CPU = Debug|Any CPU
		Release|Any CPU = Release|Any CPU
	EndGlobalSection
	GlobalSection(ProjectConfigurationPlatforms) = postSolution
		{2DA6958A-A6C2-473E-923C-D5202B32F446}.Debug|Any CPU.ActiveCfg = Debug|Any CPU
		{2DA6958A-A6C2-473E-923C-D5202B32F446}.Debug|Any CPU.Build.0 = Debug|Any CPU
		{2DA6958A-A6C2-473E-923C-D5202B32F446}.Release|Any CPU.ActiveCfg = Release|Any CPU
		{2DA6958A-A6C2-473E-923C-D5202B32F446}.Release|Any CPU.Build.0 = Release|Any CPU
		{24F8FE5F-5157-47D1-ADA7-030D937E5EFF}.Debug|Any CPU.ActiveCfg = Debug|Any CPU
		{24F8FE5F-5157-47D1-ADA7-030D937E5EFF}.Debug|Any CPU.Build.0 = Debug|Any CPU
		{24F8FE5F-5157-47D1-ADA7-030D937E5EFF}.Release|Any CPU.ActiveCfg = Release|Any CPU
		{24F8FE5F-5157-47D1-ADA7-030D937E5EFF}.Release|Any CPU.Build.0 = Release|Any CPU
	EndGlobalSection
	GlobalSection(SolutionProperties) = preSolution
		HideSolutionNode = FALSE
	EndGlobalSection
	GlobalSection(ExtensibilityGlobals) = postSolution
		SolutionGuid = {A16987B5-E0D8-49E4-A4BD-2A3C27AA366F}
	EndGlobalSection
EndGlobal
