
Microsoft Visual Studio Solution File, Format Version 12.00
# Visual Studio Version 16
VisualStudioVersion = 16.0.31729.503
MinimumVisualStudioVersion = 10.0.40219.1
Project("{FAE04EC0-301F-11D3-BF4B-00C04F79EFBC}") = "Ch02FutureValueWood", "Ch02FutureValueWood.csproj", "{F562783F-77FE-43A0-BAC1-04D8CDD21669}"
EndProject
Global
	GlobalSection(SolutionConfigurationPlatforms) = preSolution
		Debug|Any CPU = Debug|Any CPU
		Release|Any CPU = Release|Any CPU
	EndGlobalSection
	GlobalSection(ProjectConfigurationPlatforms) = postSolution
		{F562783F-77FE-43A0-BAC1-04D8CDD21669}.Debug|Any CPU.ActiveCfg = Debug|Any CPU
		{F562783F-77FE-43A0-BAC1-04D8CDD21669}.Debug|Any CPU.Build.0 = Debug|Any CPU
		{F562783F-77FE-43A0-BAC1-04D8CDD21669}.Release|Any CPU.ActiveCfg = Release|Any CPU
		{F562783F-77FE-43A0-BAC1-04D8CDD21669}.Release|Any CPU.Build.0 = Release|Any CPU
	EndGlobalSection
	GlobalSection(SolutionProperties) = preSolution
		HideSolutionNode = FALSE
	EndGlobalSection
	GlobalSection(ExtensibilityGlobals) = postSolution
		SolutionGuid = {532624C1-63EA-4DD2-B610-4505FF9790DF}
	EndGlobalSection
EndGlobal
